
Microsoft Visual Studio Solution File, Format Version 12.00
# Visual Studio 15
VisualStudioVersion = 15.0.27130.2010
MinimumVisualStudioVersion = 10.0.40219.1
Project("{FAE04EC0-301F-11D3-BF4B-00C04F79EFBC}") = "Classes", "Classes\Classes.csproj", "{B8E849B3-E664-44CB-8081-D205BF6D9043}"
EndProject
Global
	GlobalSection(SolutionConfigurationPlatforms) = preSolution
		Debug|Any CPU = Debug|Any CPU
		Release|Any CPU = Release|Any CPU
	EndGlobalSection
	GlobalSection(ProjectConfigurationPlatforms) = postSolution
		{B8E849B3-E664-44CB-8081-D205BF6D9043}.Debug|Any CPU.ActiveCfg = Debug|Any CPU
		{B8E849B3-E664-44CB-8081-D205BF6D9043}.Debug|Any CPU.Build.0 = Debug|Any CPU
		{B8E849B3-E664-44CB-8081-D205BF6D9043}.Release|Any CPU.ActiveCfg = Release|Any CPU
		{B8E849B3-E664-44CB-8081-D205BF6D9043}.Release|Any CPU.Build.0 = Release|Any CPU
	EndGlobalSection
	GlobalSection(SolutionProperties) = preSolution
		HideSolutionNode = FALSE
	EndGlobalSection
	GlobalSection(ExtensibilityGlobals) = postSolution
		SolutionGuid = {60058F4D-BD55-421D-9453-1A6691F158E1}
	EndGlobalSection
EndGlobal
