
Microsoft Visual Studio Solution File, Format Version 12.00
# Visual Studio 15
VisualStudioVersion = 15.0.27130.2010
MinimumVisualStudioVersion = 10.0.40219.1
Project("{FAE04EC0-301F-11D3-BF4B-00C04F79EFBC}") = "XML", "XML\XML.csproj", "{51C5E6FC-78D3-41DC-99A4-C55AF9DFB19B}"
EndProject
Global
	GlobalSection(SolutionConfigurationPlatforms) = preSolution
		Debug|Any CPU = Debug|Any CPU
		Release|Any CPU = Release|Any CPU
	EndGlobalSection
	GlobalSection(ProjectConfigurationPlatforms) = postSolution
		{51C5E6FC-78D3-41DC-99A4-C55AF9DFB19B}.Debug|Any CPU.ActiveCfg = Debug|Any CPU
		{51C5E6FC-78D3-41DC-99A4-C55AF9DFB19B}.Debug|Any CPU.Build.0 = Debug|Any CPU
		{51C5E6FC-78D3-41DC-99A4-C55AF9DFB19B}.Release|Any CPU.ActiveCfg = Release|Any CPU
		{51C5E6FC-78D3-41DC-99A4-C55AF9DFB19B}.Release|Any CPU.Build.0 = Release|Any CPU
	EndGlobalSection
	GlobalSection(SolutionProperties) = preSolution
		HideSolutionNode = FALSE
	EndGlobalSection
	GlobalSection(ExtensibilityGlobals) = postSolution
		SolutionGuid = {138E41E5-40D4-40B2-8506-8013C8E93C2D}
	EndGlobalSection
EndGlobal
