
Microsoft Visual Studio Solution File, Format Version 12.00
# Visual Studio 15
VisualStudioVersion = 15.0.27130.2010
MinimumVisualStudioVersion = 10.0.40219.1
Project("{FAE04EC0-301F-11D3-BF4B-00C04F79EFBC}") = "Snake", "Snake\Snake.csproj", "{F7C37E79-C58A-4352-968E-B3425049B644}"
EndProject
Global
	GlobalSection(SolutionConfigurationPlatforms) = preSolution
		Debug|Any CPU = Debug|Any CPU
		Release|Any CPU = Release|Any CPU
	EndGlobalSection
	GlobalSection(ProjectConfigurationPlatforms) = postSolution
		{F7C37E79-C58A-4352-968E-B3425049B644}.Debug|Any CPU.ActiveCfg = Debug|Any CPU
		{F7C37E79-C58A-4352-968E-B3425049B644}.Debug|Any CPU.Build.0 = Debug|Any CPU
		{F7C37E79-C58A-4352-968E-B3425049B644}.Release|Any CPU.ActiveCfg = Release|Any CPU
		{F7C37E79-C58A-4352-968E-B3425049B644}.Release|Any CPU.Build.0 = Release|Any CPU
	EndGlobalSection
	GlobalSection(SolutionProperties) = preSolution
		HideSolutionNode = FALSE
	EndGlobalSection
	GlobalSection(ExtensibilityGlobals) = postSolution
		SolutionGuid = {315F3F4F-5589-468D-96C5-C9672C858E6E}
	EndGlobalSection
EndGlobal
