
Microsoft Visual Studio Solution File, Format Version 12.00
# Visual Studio 15
VisualStudioVersion = 15.0.27130.2010
MinimumVisualStudioVersion = 10.0.40219.1
Project("{FAE04EC0-301F-11D3-BF4B-00C04F79EFBC}") = "Graphics", "Graphics\Graphics.csproj", "{2DE31D73-BC7A-4B4F-9129-55F34B841319}"
EndProject
Global
	GlobalSection(SolutionConfigurationPlatforms) = preSolution
		Debug|Any CPU = Debug|Any CPU
		Release|Any CPU = Release|Any CPU
	EndGlobalSection
	GlobalSection(ProjectConfigurationPlatforms) = postSolution
		{2DE31D73-BC7A-4B4F-9129-55F34B841319}.Debug|Any CPU.ActiveCfg = Debug|Any CPU
		{2DE31D73-BC7A-4B4F-9129-55F34B841319}.Debug|Any CPU.Build.0 = Debug|Any CPU
		{2DE31D73-BC7A-4B4F-9129-55F34B841319}.Release|Any CPU.ActiveCfg = Release|Any CPU
		{2DE31D73-BC7A-4B4F-9129-55F34B841319}.Release|Any CPU.Build.0 = Release|Any CPU
	EndGlobalSection
	GlobalSection(SolutionProperties) = preSolution
		HideSolutionNode = FALSE
	EndGlobalSection
	GlobalSection(ExtensibilityGlobals) = postSolution
		SolutionGuid = {B2B35E94-5E19-4365-B359-D88068178651}
	EndGlobalSection
EndGlobal
