
Microsoft Visual Studio Solution File, Format Version 12.00
# Visual Studio 15
VisualStudioVersion = 15.0.27130.2010
MinimumVisualStudioVersion = 10.0.40219.1
Project("{FAE04EC0-301F-11D3-BF4B-00C04F79EFBC}") = "Binary", "Binary\Binary.csproj", "{359D02A9-62B7-4598-920A-FC2EAACF8443}"
EndProject
Global
	GlobalSection(SolutionConfigurationPlatforms) = preSolution
		Debug|Any CPU = Debug|Any CPU
		Release|Any CPU = Release|Any CPU
	EndGlobalSection
	GlobalSection(ProjectConfigurationPlatforms) = postSolution
		{359D02A9-62B7-4598-920A-FC2EAACF8443}.Debug|Any CPU.ActiveCfg = Debug|Any CPU
		{359D02A9-62B7-4598-920A-FC2EAACF8443}.Debug|Any CPU.Build.0 = Debug|Any CPU
		{359D02A9-62B7-4598-920A-FC2EAACF8443}.Release|Any CPU.ActiveCfg = Release|Any CPU
		{359D02A9-62B7-4598-920A-FC2EAACF8443}.Release|Any CPU.Build.0 = Release|Any CPU
	EndGlobalSection
	GlobalSection(SolutionProperties) = preSolution
		HideSolutionNode = FALSE
	EndGlobalSection
	GlobalSection(ExtensibilityGlobals) = postSolution
		SolutionGuid = {0B3F61F5-8D22-4625-8B44-FA1AFF4E8FCB}
	EndGlobalSection
EndGlobal
