
Microsoft Visual Studio Solution File, Format Version 12.00
# Visual Studio 15
VisualStudioVersion = 15.0.27130.2010
MinimumVisualStudioVersion = 10.0.40219.1
Project("{FAE04EC0-301F-11D3-BF4B-00C04F79EFBC}") = "Rectangle", "ConsoleApp1\Rectangle.csproj", "{C55790A1-58C4-46E4-8ADA-B704AE53FFFD}"
EndProject
Project("{FAE04EC0-301F-11D3-BF4B-00C04F79EFBC}") = "Circle", "Circle\Circle.csproj", "{2091850D-5ED3-4864-AE43-978BDC7CF348}"
EndProject
Project("{FAE04EC0-301F-11D3-BF4B-00C04F79EFBC}") = "Student", "Student\Student.csproj", "{7EB2F18E-B366-460F-92B1-E993A781B4B8}"
EndProject
Global
	GlobalSection(SolutionConfigurationPlatforms) = preSolution
		Debug|Any CPU = Debug|Any CPU
		Release|Any CPU = Release|Any CPU
	EndGlobalSection
	GlobalSection(ProjectConfigurationPlatforms) = postSolution
		{C55790A1-58C4-46E4-8ADA-B704AE53FFFD}.Debug|Any CPU.ActiveCfg = Debug|Any CPU
		{C55790A1-58C4-46E4-8ADA-B704AE53FFFD}.Debug|Any CPU.Build.0 = Debug|Any CPU
		{C55790A1-58C4-46E4-8ADA-B704AE53FFFD}.Release|Any CPU.ActiveCfg = Release|Any CPU
		{C55790A1-58C4-46E4-8ADA-B704AE53FFFD}.Release|Any CPU.Build.0 = Release|Any CPU
		{2091850D-5ED3-4864-AE43-978BDC7CF348}.Debug|Any CPU.ActiveCfg = Debug|Any CPU
		{2091850D-5ED3-4864-AE43-978BDC7CF348}.Debug|Any CPU.Build.0 = Debug|Any CPU
		{2091850D-5ED3-4864-AE43-978BDC7CF348}.Release|Any CPU.ActiveCfg = Release|Any CPU
		{2091850D-5ED3-4864-AE43-978BDC7CF348}.Release|Any CPU.Build.0 = Release|Any CPU
		{7EB2F18E-B366-460F-92B1-E993A781B4B8}.Debug|Any CPU.ActiveCfg = Debug|Any CPU
		{7EB2F18E-B366-460F-92B1-E993A781B4B8}.Debug|Any CPU.Build.0 = Debug|Any CPU
		{7EB2F18E-B366-460F-92B1-E993A781B4B8}.Release|Any CPU.ActiveCfg = Release|Any CPU
		{7EB2F18E-B366-460F-92B1-E993A781B4B8}.Release|Any CPU.Build.0 = Release|Any CPU
	EndGlobalSection
	GlobalSection(SolutionProperties) = preSolution
		HideSolutionNode = FALSE
	EndGlobalSection
	GlobalSection(ExtensibilityGlobals) = postSolution
		SolutionGuid = {73B34C76-27A9-4E57-8B24-CE453C7E3DEF}
	EndGlobalSection
EndGlobal
